
Microsoft Visual Studio Solution File, Format Version 12.00
# Visual Studio Version 17
VisualStudioVersion = 17.3.32929.385
MinimumVisualStudioVersion = 10.0.40219.1
Project("{9A19103F-16F7-4668-BE54-9A1E7A4F7556}") = "Klank", "Random\Klank.csproj", "{F149E3E8-E617-4583-97DB-6A077262B984}"
EndProject
Global
	GlobalSection(SolutionConfigurationPlatforms) = preSolution
		Debug|Any CPU = Debug|Any CPU
		Debug|x64 = Debug|x64
		Release|Any CPU = Release|Any CPU
		Release|x64 = Release|x64
	EndGlobalSection
	GlobalSection(ProjectConfigurationPlatforms) = postSolution
		{F149E3E8-E617-4583-97DB-6A077262B984}.Debug|Any CPU.ActiveCfg = Debug|Any CPU
		{F149E3E8-E617-4583-97DB-6A077262B984}.Debug|Any CPU.Build.0 = Debug|Any CPU
		{F149E3E8-E617-4583-97DB-6A077262B984}.Debug|x64.ActiveCfg = Debug|Any CPU
		{F149E3E8-E617-4583-97DB-6A077262B984}.Debug|x64.Build.0 = Debug|Any CPU
		{F149E3E8-E617-4583-97DB-6A077262B984}.Release|Any CPU.ActiveCfg = Release|Any CPU
		{F149E3E8-E617-4583-97DB-6A077262B984}.Release|Any CPU.Build.0 = Release|Any CPU
		{F149E3E8-E617-4583-97DB-6A077262B984}.Release|x64.ActiveCfg = Release|Any CPU
		{F149E3E8-E617-4583-97DB-6A077262B984}.Release|x64.Build.0 = Release|Any CPU
	EndGlobalSection
	GlobalSection(SolutionProperties) = preSolution
		HideSolutionNode = FALSE
	EndGlobalSection
	GlobalSection(ExtensibilityGlobals) = postSolution
		SolutionGuid = {FBC58EDA-A051-4A56-91A7-D0E18CDE9B07}
	EndGlobalSection
EndGlobal
